
Microsoft Visual Studio Solution File, Format Version 12.00
# Visual Studio Version 16
VisualStudioVersion = 16.0.31402.337
MinimumVisualStudioVersion = 10.0.40219.1
Project("{FAE04EC0-301F-11D3-BF4B-00C04F79EFBC}") = "BioFresh", "BioFresh.csproj", "{B3C6149F-6F7C-428D-A80C-9FF810058733}"
EndProject
Global
	GlobalSection(SolutionConfigurationPlatforms) = preSolution
		Debug|Any CPU = Debug|Any CPU
		Release|Any CPU = Release|Any CPU
	EndGlobalSection
	GlobalSection(ProjectConfigurationPlatforms) = postSolution
		{B3C6149F-6F7C-428D-A80C-9FF810058733}.Debug|Any CPU.ActiveCfg = Debug|Any CPU
		{B3C6149F-6F7C-428D-A80C-9FF810058733}.Debug|Any CPU.Build.0 = Debug|Any CPU
		{B3C6149F-6F7C-428D-A80C-9FF810058733}.Release|Any CPU.ActiveCfg = Release|Any CPU
		{B3C6149F-6F7C-428D-A80C-9FF810058733}.Release|Any CPU.Build.0 = Release|Any CPU
	EndGlobalSection
	GlobalSection(SolutionProperties) = preSolution
		HideSolutionNode = FALSE
	EndGlobalSection
	GlobalSection(ExtensibilityGlobals) = postSolution
		SolutionGuid = {CE530A84-0702-4D56-8C80-140C5E5AEBB2}
	EndGlobalSection
EndGlobal
